
Microsoft Visual Studio Solution File, Format Version 12.00
# Visual Studio Version 17
VisualStudioVersion = 17.6.33801.468
MinimumVisualStudioVersion = 10.0.40219.1
Project("{FAE04EC0-301F-11D3-BF4B-00C04F79EFBC}") = "Module15.6.6", "Module15.6.6\Module15.6.6.csproj", "{6DDDC719-5978-4D7C-9AF3-CEBB480DEE24}"
EndProject
Global
	GlobalSection(SolutionConfigurationPlatforms) = preSolution
		Debug|Any CPU = Debug|Any CPU
		Release|Any CPU = Release|Any CPU
	EndGlobalSection
	GlobalSection(ProjectConfigurationPlatforms) = postSolution
		{6DDDC719-5978-4D7C-9AF3-CEBB480DEE24}.Debug|Any CPU.ActiveCfg = Debug|Any CPU
		{6DDDC719-5978-4D7C-9AF3-CEBB480DEE24}.Debug|Any CPU.Build.0 = Debug|Any CPU
		{6DDDC719-5978-4D7C-9AF3-CEBB480DEE24}.Release|Any CPU.ActiveCfg = Release|Any CPU
		{6DDDC719-5978-4D7C-9AF3-CEBB480DEE24}.Release|Any CPU.Build.0 = Release|Any CPU
	EndGlobalSection
	GlobalSection(SolutionProperties) = preSolution
		HideSolutionNode = FALSE
	EndGlobalSection
	GlobalSection(ExtensibilityGlobals) = postSolution
		SolutionGuid = {75B0A01E-785F-4C8B-B4E6-D1DE174CF705}
	EndGlobalSection
EndGlobal
